
Microsoft Visual Studio Solution File, Format Version 12.00
# Visual Studio Version 17
VisualStudioVersion = 17.4.33213.308
MinimumVisualStudioVersion = 10.0.40219.1
Project("{9A19103F-16F7-4668-BE54-9A1E7A4F7556}") = "Demo.Ruta420.Infrastructure", "Demo.Ruta420.Infrastructure\Demo.Ruta420.Infrastructure.csproj", "{45FE6CA9-DDAC-4CEF-A0B1-A09A324765FE}"
EndProject
Project("{9A19103F-16F7-4668-BE54-9A1E7A4F7556}") = "Demo.Ruta420.Domain", "Demo.Ruta420.Domain\Demo.Ruta420.Domain.csproj", "{4E7E7F53-5983-41D0-8E6C-8D52853E4BC1}"
EndProject
Project("{9A19103F-16F7-4668-BE54-9A1E7A4F7556}") = "Demo.Ruta420.Application", "Demo.Ruta420.Application\Demo.Ruta420.Application.csproj", "{D77ACD94-8EBC-4E44-8878-06567F6798ED}"
EndProject
Project("{9A19103F-16F7-4668-BE54-9A1E7A4F7556}") = "Demo.Ruta420.API", "Demo.Ruta420.API\Demo.Ruta420.API.csproj", "{6E5A7FEB-C681-4E0C-BD59-5E77C8579E27}"
EndProject
Global
	GlobalSection(SolutionConfigurationPlatforms) = preSolution
		Debug|Any CPU = Debug|Any CPU
		Release|Any CPU = Release|Any CPU
	EndGlobalSection
	GlobalSection(ProjectConfigurationPlatforms) = postSolution
		{45FE6CA9-DDAC-4CEF-A0B1-A09A324765FE}.Debug|Any CPU.ActiveCfg = Debug|Any CPU
		{45FE6CA9-DDAC-4CEF-A0B1-A09A324765FE}.Debug|Any CPU.Build.0 = Debug|Any CPU
		{45FE6CA9-DDAC-4CEF-A0B1-A09A324765FE}.Release|Any CPU.ActiveCfg = Release|Any CPU
		{45FE6CA9-DDAC-4CEF-A0B1-A09A324765FE}.Release|Any CPU.Build.0 = Release|Any CPU
		{4E7E7F53-5983-41D0-8E6C-8D52853E4BC1}.Debug|Any CPU.ActiveCfg = Debug|Any CPU
		{4E7E7F53-5983-41D0-8E6C-8D52853E4BC1}.Debug|Any CPU.Build.0 = Debug|Any CPU
		{4E7E7F53-5983-41D0-8E6C-8D52853E4BC1}.Release|Any CPU.ActiveCfg = Release|Any CPU
		{4E7E7F53-5983-41D0-8E6C-8D52853E4BC1}.Release|Any CPU.Build.0 = Release|Any CPU
		{D77ACD94-8EBC-4E44-8878-06567F6798ED}.Debug|Any CPU.ActiveCfg = Debug|Any CPU
		{D77ACD94-8EBC-4E44-8878-06567F6798ED}.Debug|Any CPU.Build.0 = Debug|Any CPU
		{D77ACD94-8EBC-4E44-8878-06567F6798ED}.Release|Any CPU.ActiveCfg = Release|Any CPU
		{D77ACD94-8EBC-4E44-8878-06567F6798ED}.Release|Any CPU.Build.0 = Release|Any CPU
		{6E5A7FEB-C681-4E0C-BD59-5E77C8579E27}.Debug|Any CPU.ActiveCfg = Debug|Any CPU
		{6E5A7FEB-C681-4E0C-BD59-5E77C8579E27}.Debug|Any CPU.Build.0 = Debug|Any CPU
		{6E5A7FEB-C681-4E0C-BD59-5E77C8579E27}.Release|Any CPU.ActiveCfg = Release|Any CPU
		{6E5A7FEB-C681-4E0C-BD59-5E77C8579E27}.Release|Any CPU.Build.0 = Release|Any CPU
	EndGlobalSection
	GlobalSection(SolutionProperties) = preSolution
		HideSolutionNode = FALSE
	EndGlobalSection
	GlobalSection(ExtensibilityGlobals) = postSolution
		SolutionGuid = {E105BAD6-4162-4D0C-89C4-CD8929911025}
	EndGlobalSection
EndGlobal
